{
  "version": 4,
  "terraform_version": "1.13.4",
  "serial": 4,
  "lineage": "7dc23ad5-029d-109a-db38-3a655f44be6f",
  "outputs": {},
  "resources": [
    {
      "mode": "managed",
      "type": "local_file",
      "name": "pet",
      "provider": "provider[\"registry.terraform.io/hashicorp/local\"]",
      "instances": [
        {
          "schema_version": 0,
          "attributes": {
            "content": "Dog is the best friend of human",
            "content_base64": null,
            "content_base64sha256": "06MQojiw/CpXkMaDwZ9Bd7BNv/ivvGsAuxMc6wRywYI=",
            "content_base64sha512": "lf8dBnsAI+W6hBnWOSu3+D7Krz62Onk4gasOT3SC4w1XbP48g3oZjKPhKuAfDCziG9PtLuXcPHe80/ofBguOaQ==",
            "content_md5": "82af7705328afdc4a13d2ae9de7c19d7",
            "content_sha1": "319a89d51d4f27d3c7eff66f3ba668042de3d037",
            "content_sha256": "d3a310a238b0fc2a5790c683c19f4177b04dbff8afbc6b00bb131ceb0472c182",
            "content_sha512": "95ff1d067b0023e5ba8419d6392bb7f83ecaaf3eb63a793881ab0e4f7482e30d576cfe3c837a198ca3e12ae01f0c2ce21bd3ed2ee5dc3c77bcd3fa1f060b8e69",
            "directory_permission": "0777",
            "file_permission": "0644",
            "filename": "./files/pet.txt",
            "id": "319a89d51d4f27d3c7eff66f3ba668042de3d037",
            "sensitive_content": null,
            "source": null
          },
          "sensitive_attributes": [
            [
              {
                "type": "get_attr",
                "value": "sensitive_content"
              }
            ]
          ],
          "identity_schema_version": 0
        }
      ]
    }
  ],
  "check_results": null
}
